
Microsoft Visual Studio Solution File, Format Version 12.00
# Visual Studio Version 17
VisualStudioVersion = 17.0.31903.59
MinimumVisualStudioVersion = 10.0.40219.1
Project("{2150E333-8FDC-42A3-9474-1A3956D46DE8}") = "src", "src", "{827E0CD3-B72D-47B6-A68D-7590B98EB39B}"
EndProject
Project("{FAE04EC0-301F-11D3-BF4B-00C04F79EFBC}") = "HP8340B.Instruments", "src\HP8340B.Instruments\HP8340B.Instruments.csproj", "{2D1676EE-007A-4FDF-9EBF-E5D9BDE7F793}"
EndProject
Project("{FAE04EC0-301F-11D3-BF4B-00C04F79EFBC}") = "HP8340B.Measurements", "src\HP8340B.Measurements\HP8340B.Measurements.csproj", "{A2B19186-367D-4219-A07C-75E10F2C3CCB}"
EndProject
Project("{FAE04EC0-301F-11D3-BF4B-00C04F79EFBC}") = "HP8340B.Bench", "src\HP8340B.Bench\HP8340B.Bench.csproj", "{38F97AF6-763B-4C8A-ABCE-385501EA80D9}"
EndProject
Project("{FAE04EC0-301F-11D3-BF4B-00C04F79EFBC}") = "HP8340B.Procedures", "src\HP8340B.Procedures\HP8340B.Procedures.csproj", "{716BE063-6026-4885-A39A-2E74588DCB1C}"
EndProject
Project("{FAE04EC0-301F-11D3-BF4B-00C04F79EFBC}") = "HP8340B.Reports", "src\HP8340B.Reports\HP8340B.Reports.csproj", "{BAF3A1C4-6A79-4658-9CE1-87EC7348C2E5}"
EndProject
Project("{FAE04EC0-301F-11D3-BF4B-00C04F79EFBC}") = "HP8340B.Live", "src\HP8340B.Live\HP8340B.Live.csproj", "{1F76268C-8BEF-4523-87EF-1F8BCBF71B80}"
EndProject
Project("{FAE04EC0-301F-11D3-BF4B-00C04F79EFBC}") = "HP8340B.Cli", "src\HP8340B.Cli\HP8340B.Cli.csproj", "{257D27A8-47D5-4D00-97F2-C23087968811}"
EndProject
Project("{2150E333-8FDC-42A3-9474-1A3956D46DE8}") = "tests", "tests", "{0AB3BF05-4346-4AA6-1389-037BE0695223}"
EndProject
Project("{FAE04EC0-301F-11D3-BF4B-00C04F79EFBC}") = "HP8340B.Tests", "tests\HP8340B.Tests\HP8340B.Tests.csproj", "{D67EB114-0042-4950-B302-F3EDE02ECB0F}"
EndProject
Global
	GlobalSection(SolutionConfigurationPlatforms) = preSolution
		Debug|Any CPU = Debug|Any CPU
		Debug|x64 = Debug|x64
		Debug|x86 = Debug|x86
		Release|Any CPU = Release|Any CPU
		Release|x64 = Release|x64
		Release|x86 = Release|x86
	EndGlobalSection
	GlobalSection(ProjectConfigurationPlatforms) = postSolution
		{2D1676EE-007A-4FDF-9EBF-E5D9BDE7F793}.Debug|Any CPU.ActiveCfg = Debug|Any CPU
		{2D1676EE-007A-4FDF-9EBF-E5D9BDE7F793}.Debug|Any CPU.Build.0 = Debug|Any CPU
		{2D1676EE-007A-4FDF-9EBF-E5D9BDE7F793}.Debug|x64.ActiveCfg = Debug|Any CPU
		{2D1676EE-007A-4FDF-9EBF-E5D9BDE7F793}.Debug|x64.Build.0 = Debug|Any CPU
		{2D1676EE-007A-4FDF-9EBF-E5D9BDE7F793}.Debug|x86.ActiveCfg = Debug|Any CPU
		{2D1676EE-007A-4FDF-9EBF-E5D9BDE7F793}.Debug|x86.Build.0 = Debug|Any CPU
		{2D1676EE-007A-4FDF-9EBF-E5D9BDE7F793}.Release|Any CPU.ActiveCfg = Release|Any CPU
		{2D1676EE-007A-4FDF-9EBF-E5D9BDE7F793}.Release|Any CPU.Build.0 = Release|Any CPU
		{2D1676EE-007A-4FDF-9EBF-E5D9BDE7F793}.Release|x64.ActiveCfg = Release|Any CPU
		{2D1676EE-007A-4FDF-9EBF-E5D9BDE7F793}.Release|x64.Build.0 = Release|Any CPU
		{2D1676EE-007A-4FDF-9EBF-E5D9BDE7F793}.Release|x86.ActiveCfg = Release|Any CPU
		{2D1676EE-007A-4FDF-9EBF-E5D9BDE7F793}.Release|x86.Build.0 = Release|Any CPU
		{A2B19186-367D-4219-A07C-75E10F2C3CCB}.Debug|Any CPU.ActiveCfg = Debug|Any CPU
		{A2B19186-367D-4219-A07C-75E10F2C3CCB}.Debug|Any CPU.Build.0 = Debug|Any CPU
		{A2B19186-367D-4219-A07C-75E10F2C3CCB}.Debug|x64.ActiveCfg = Debug|Any CPU
		{A2B19186-367D-4219-A07C-75E10F2C3CCB}.Debug|x64.Build.0 = Debug|Any CPU
		{A2B19186-367D-4219-A07C-75E10F2C3CCB}.Debug|x86.ActiveCfg = Debug|Any CPU
		{A2B19186-367D-4219-A07C-75E10F2C3CCB}.Debug|x86.Build.0 = Debug|Any CPU
		{A2B19186-367D-4219-A07C-75E10F2C3CCB}.Release|Any CPU.ActiveCfg = Release|Any CPU
		{A2B19186-367D-4219-A07C-75E10F2C3CCB}.Release|Any CPU.Build.0 = Release|Any CPU
		{A2B19186-367D-4219-A07C-75E10F2C3CCB}.Release|x64.ActiveCfg = Release|Any CPU
		{A2B19186-367D-4219-A07C-75E10F2C3CCB}.Release|x64.Build.0 = Release|Any CPU
		{A2B19186-367D-4219-A07C-75E10F2C3CCB}.Release|x86.ActiveCfg = Release|Any CPU
		{A2B19186-367D-4219-A07C-75E10F2C3CCB}.Release|x86.Build.0 = Release|Any CPU
		{38F97AF6-763B-4C8A-ABCE-385501EA80D9}.Debug|Any CPU.ActiveCfg = Debug|Any CPU
		{38F97AF6-763B-4C8A-ABCE-385501EA80D9}.Debug|Any CPU.Build.0 = Debug|Any CPU
		{38F97AF6-763B-4C8A-ABCE-385501EA80D9}.Debug|x64.ActiveCfg = Debug|Any CPU
		{38F97AF6-763B-4C8A-ABCE-385501EA80D9}.Debug|x64.Build.0 = Debug|Any CPU
		{38F97AF6-763B-4C8A-ABCE-385501EA80D9}.Debug|x86.ActiveCfg = Debug|Any CPU
		{38F97AF6-763B-4C8A-ABCE-385501EA80D9}.Debug|x86.Build.0 = Debug|Any CPU
		{38F97AF6-763B-4C8A-ABCE-385501EA80D9}.Release|Any CPU.ActiveCfg = Release|Any CPU
		{38F97AF6-763B-4C8A-ABCE-385501EA80D9}.Release|Any CPU.Build.0 = Release|Any CPU
		{38F97AF6-763B-4C8A-ABCE-385501EA80D9}.Release|x64.ActiveCfg = Release|Any CPU
		{38F97AF6-763B-4C8A-ABCE-385501EA80D9}.Release|x64.Build.0 = Release|Any CPU
		{38F97AF6-763B-4C8A-ABCE-385501EA80D9}.Release|x86.ActiveCfg = Release|Any CPU
		{38F97AF6-763B-4C8A-ABCE-385501EA80D9}.Release|x86.Build.0 = Release|Any CPU
		{716BE063-6026-4885-A39A-2E74588DCB1C}.Debug|Any CPU.ActiveCfg = Debug|Any CPU
		{716BE063-6026-4885-A39A-2E74588DCB1C}.Debug|Any CPU.Build.0 = Debug|Any CPU
		{716BE063-6026-4885-A39A-2E74588DCB1C}.Debug|x64.ActiveCfg = Debug|Any CPU
		{716BE063-6026-4885-A39A-2E74588DCB1C}.Debug|x64.Build.0 = Debug|Any CPU
		{716BE063-6026-4885-A39A-2E74588DCB1C}.Debug|x86.ActiveCfg = Debug|Any CPU
		{716BE063-6026-4885-A39A-2E74588DCB1C}.Debug|x86.Build.0 = Debug|Any CPU
		{716BE063-6026-4885-A39A-2E74588DCB1C}.Release|Any CPU.ActiveCfg = Release|Any CPU
		{716BE063-6026-4885-A39A-2E74588DCB1C}.Release|Any CPU.Build.0 = Release|Any CPU
		{716BE063-6026-4885-A39A-2E74588DCB1C}.Release|x64.ActiveCfg = Release|Any CPU
		{716BE063-6026-4885-A39A-2E74588DCB1C}.Release|x64.Build.0 = Release|Any CPU
		{716BE063-6026-4885-A39A-2E74588DCB1C}.Release|x86.ActiveCfg = Release|Any CPU
		{716BE063-6026-4885-A39A-2E74588DCB1C}.Release|x86.Build.0 = Release|Any CPU
		{BAF3A1C4-6A79-4658-9CE1-87EC7348C2E5}.Debug|Any CPU.ActiveCfg = Debug|Any CPU
		{BAF3A1C4-6A79-4658-9CE1-87EC7348C2E5}.Debug|Any CPU.Build.0 = Debug|Any CPU
		{BAF3A1C4-6A79-4658-9CE1-87EC7348C2E5}.Debug|x64.ActiveCfg = Debug|Any CPU
		{BAF3A1C4-6A79-4658-9CE1-87EC7348C2E5}.Debug|x64.Build.0 = Debug|Any CPU
		{BAF3A1C4-6A79-4658-9CE1-87EC7348C2E5}.Debug|x86.ActiveCfg = Debug|Any CPU
		{BAF3A1C4-6A79-4658-9CE1-87EC7348C2E5}.Debug|x86.Build.0 = Debug|Any CPU
		{BAF3A1C4-6A79-4658-9CE1-87EC7348C2E5}.Release|Any CPU.ActiveCfg = Release|Any CPU
		{BAF3A1C4-6A79-4658-9CE1-87EC7348C2E5}.Release|Any CPU.Build.0 = Release|Any CPU
		{BAF3A1C4-6A79-4658-9CE1-87EC7348C2E5}.Release|x64.ActiveCfg = Release|Any CPU
		{BAF3A1C4-6A79-4658-9CE1-87EC7348C2E5}.Release|x64.Build.0 = Release|Any CPU
		{BAF3A1C4-6A79-4658-9CE1-87EC7348C2E5}.Release|x86.ActiveCfg = Release|Any CPU
		{BAF3A1C4-6A79-4658-9CE1-87EC7348C2E5}.Release|x86.Build.0 = Release|Any CPU
		{1F76268C-8BEF-4523-87EF-1F8BCBF71B80}.Debug|Any CPU.ActiveCfg = Debug|Any CPU
		{1F76268C-8BEF-4523-87EF-1F8BCBF71B80}.Debug|Any CPU.Build.0 = Debug|Any CPU
		{1F76268C-8BEF-4523-87EF-1F8BCBF71B80}.Debug|x64.ActiveCfg = Debug|Any CPU
		{1F76268C-8BEF-4523-87EF-1F8BCBF71B80}.Debug|x64.Build.0 = Debug|Any CPU
		{1F76268C-8BEF-4523-87EF-1F8BCBF71B80}.Debug|x86.ActiveCfg = Debug|Any CPU
		{1F76268C-8BEF-4523-87EF-1F8BCBF71B80}.Debug|x86.Build.0 = Debug|Any CPU
		{1F76268C-8BEF-4523-87EF-1F8BCBF71B80}.Release|Any CPU.ActiveCfg = Release|Any CPU
		{1F76268C-8BEF-4523-87EF-1F8BCBF71B80}.Release|Any CPU.Build.0 = Release|Any CPU
		{1F76268C-8BEF-4523-87EF-1F8BCBF71B80}.Release|x64.ActiveCfg = Release|Any CPU
		{1F76268C-8BEF-4523-87EF-1F8BCBF71B80}.Release|x64.Build.0 = Release|Any CPU
		{1F76268C-8BEF-4523-87EF-1F8BCBF71B80}.Release|x86.ActiveCfg = Release|Any CPU
		{1F76268C-8BEF-4523-87EF-1F8BCBF71B80}.Release|x86.Build.0 = Release|Any CPU
		{257D27A8-47D5-4D00-97F2-C23087968811}.Debug|Any CPU.ActiveCfg = Debug|Any CPU
		{257D27A8-47D5-4D00-97F2-C23087968811}.Debug|Any CPU.Build.0 = Debug|Any CPU
		{257D27A8-47D5-4D00-97F2-C23087968811}.Debug|x64.ActiveCfg = Debug|Any CPU
		{257D27A8-47D5-4D00-97F2-C23087968811}.Debug|x64.Build.0 = Debug|Any CPU
		{257D27A8-47D5-4D00-97F2-C23087968811}.Debug|x86.ActiveCfg = Debug|Any CPU
		{257D27A8-47D5-4D00-97F2-C23087968811}.Debug|x86.Build.0 = Debug|Any CPU
		{257D27A8-47D5-4D00-97F2-C23087968811}.Release|Any CPU.ActiveCfg = Release|Any CPU
		{257D27A8-47D5-4D00-97F2-C23087968811}.Release|Any CPU.Build.0 = Release|Any CPU
		{257D27A8-47D5-4D00-97F2-C23087968811}.Release|x64.ActiveCfg = Release|Any CPU
		{257D27A8-47D5-4D00-97F2-C23087968811}.Release|x64.Build.0 = Release|Any CPU
		{257D27A8-47D5-4D00-97F2-C23087968811}.Release|x86.ActiveCfg = Release|Any CPU
		{257D27A8-47D5-4D00-97F2-C23087968811}.Release|x86.Build.0 = Release|Any CPU
		{D67EB114-0042-4950-B302-F3EDE02ECB0F}.Debug|Any CPU.ActiveCfg = Debug|Any CPU
		{D67EB114-0042-4950-B302-F3EDE02ECB0F}.Debug|Any CPU.Build.0 = Debug|Any CPU
		{D67EB114-0042-4950-B302-F3EDE02ECB0F}.Debug|x64.ActiveCfg = Debug|Any CPU
		{D67EB114-0042-4950-B302-F3EDE02ECB0F}.Debug|x64.Build.0 = Debug|Any CPU
		{D67EB114-0042-4950-B302-F3EDE02ECB0F}.Debug|x86.ActiveCfg = Debug|Any CPU
		{D67EB114-0042-4950-B302-F3EDE02ECB0F}.Debug|x86.Build.0 = Debug|Any CPU
		{D67EB114-0042-4950-B302-F3EDE02ECB0F}.Release|Any CPU.ActiveCfg = Release|Any CPU
		{D67EB114-0042-4950-B302-F3EDE02ECB0F}.Release|Any CPU.Build.0 = Release|Any CPU
		{D67EB114-0042-4950-B302-F3EDE02ECB0F}.Release|x64.ActiveCfg = Release|Any CPU
		{D67EB114-0042-4950-B302-F3EDE02ECB0F}.Release|x64.Build.0 = Release|Any CPU
		{D67EB114-0042-4950-B302-F3EDE02ECB0F}.Release|x86.ActiveCfg = Release|Any CPU
		{D67EB114-0042-4950-B302-F3EDE02ECB0F}.Release|x86.Build.0 = Release|Any CPU
	EndGlobalSection
	GlobalSection(SolutionProperties) = preSolution
		HideSolutionNode = FALSE
	EndGlobalSection
	GlobalSection(NestedProjects) = preSolution
		{2D1676EE-007A-4FDF-9EBF-E5D9BDE7F793} = {827E0CD3-B72D-47B6-A68D-7590B98EB39B}
		{A2B19186-367D-4219-A07C-75E10F2C3CCB} = {827E0CD3-B72D-47B6-A68D-7590B98EB39B}
		{38F97AF6-763B-4C8A-ABCE-385501EA80D9} = {827E0CD3-B72D-47B6-A68D-7590B98EB39B}
		{716BE063-6026-4885-A39A-2E74588DCB1C} = {827E0CD3-B72D-47B6-A68D-7590B98EB39B}
		{BAF3A1C4-6A79-4658-9CE1-87EC7348C2E5} = {827E0CD3-B72D-47B6-A68D-7590B98EB39B}
		{1F76268C-8BEF-4523-87EF-1F8BCBF71B80} = {827E0CD3-B72D-47B6-A68D-7590B98EB39B}
		{257D27A8-47D5-4D00-97F2-C23087968811} = {827E0CD3-B72D-47B6-A68D-7590B98EB39B}
		{D67EB114-0042-4950-B302-F3EDE02ECB0F} = {0AB3BF05-4346-4AA6-1389-037BE0695223}
	EndGlobalSection
EndGlobal
