
Microsoft Visual Studio Solution File, Format Version 12.00
# Visual Studio Version 17
VisualStudioVersion = 17.0.31903.59
MinimumVisualStudioVersion = 10.0.40219.1
Project("{2150E333-8FDC-42A3-9474-1A3956D46DE8}") = "src", "src", "{827E0CD3-B72D-47B6-A68D-7590B98EB39B}"
EndProject
Project("{FAE04EC0-301F-11D3-BF4B-00C04F79EFBC}") = "HP8340B.Bench", "src\HP8340B.Bench\HP8340B.Bench.csproj", "{581B03EC-C3DB-43D5-883C-1E1BF509B39E}"
EndProject
Project("{FAE04EC0-301F-11D3-BF4B-00C04F79EFBC}") = "HP8340B.Instruments", "src\HP8340B.Instruments\HP8340B.Instruments.csproj", "{2A102741-BE8C-42DF-9A50-33161E3DBC39}"
EndProject
Project("{FAE04EC0-301F-11D3-BF4B-00C04F79EFBC}") = "HP8340B.Measurements", "src\HP8340B.Measurements\HP8340B.Measurements.csproj", "{5AA91D48-217D-4923-967B-C9F9AC4D8CBF}"
EndProject
Project("{FAE04EC0-301F-11D3-BF4B-00C04F79EFBC}") = "HP8340B.Cli", "src\HP8340B.Cli\HP8340B.Cli.csproj", "{10F08A74-879F-40CE-B7E6-3A747435E694}"
EndProject
Project("{FAE04EC0-301F-11D3-BF4B-00C04F79EFBC}") = "HP8340B.Procedures", "src\HP8340B.Procedures\HP8340B.Procedures.csproj", "{E984B470-DA55-4657-BDD2-75B025DEED0B}"
EndProject
Project("{FAE04EC0-301F-11D3-BF4B-00C04F79EFBC}") = "HP8340B.Reports", "src\HP8340B.Reports\HP8340B.Reports.csproj", "{F74E08B2-4AA1-40AE-A439-0D2E7A7BA94E}"
EndProject
Project("{FAE04EC0-301F-11D3-BF4B-00C04F79EFBC}") = "HP8340B.Live", "src\HP8340B.Live\HP8340B.Live.csproj", "{CBF8E7AB-F2D0-41C6-BDAF-C3003B650135}"
EndProject
Project("{2150E333-8FDC-42A3-9474-1A3956D46DE8}") = "tests", "tests", "{0AB3BF05-4346-4AA6-1389-037BE0695223}"
EndProject
Project("{FAE04EC0-301F-11D3-BF4B-00C04F79EFBC}") = "HP8340B.Tests", "tests\HP8340B.Tests\HP8340B.Tests.csproj", "{E24DADE8-FF39-44CB-B371-3BD4DCA4A872}"
EndProject
Global
	GlobalSection(SolutionConfigurationPlatforms) = preSolution
		Debug|Any CPU = Debug|Any CPU
		Debug|x64 = Debug|x64
		Debug|x86 = Debug|x86
		Release|Any CPU = Release|Any CPU
		Release|x64 = Release|x64
		Release|x86 = Release|x86
	EndGlobalSection
	GlobalSection(ProjectConfigurationPlatforms) = postSolution
		{581B03EC-C3DB-43D5-883C-1E1BF509B39E}.Debug|Any CPU.ActiveCfg = Debug|x64
		{581B03EC-C3DB-43D5-883C-1E1BF509B39E}.Debug|Any CPU.Build.0 = Debug|x64
		{581B03EC-C3DB-43D5-883C-1E1BF509B39E}.Debug|x64.ActiveCfg = Debug|x64
		{581B03EC-C3DB-43D5-883C-1E1BF509B39E}.Debug|x64.Build.0 = Debug|x64
		{581B03EC-C3DB-43D5-883C-1E1BF509B39E}.Debug|x86.ActiveCfg = Debug|x64
		{581B03EC-C3DB-43D5-883C-1E1BF509B39E}.Debug|x86.Build.0 = Debug|x64
		{581B03EC-C3DB-43D5-883C-1E1BF509B39E}.Release|Any CPU.ActiveCfg = Release|x64
		{581B03EC-C3DB-43D5-883C-1E1BF509B39E}.Release|Any CPU.Build.0 = Release|x64
		{581B03EC-C3DB-43D5-883C-1E1BF509B39E}.Release|x64.ActiveCfg = Release|x64
		{581B03EC-C3DB-43D5-883C-1E1BF509B39E}.Release|x64.Build.0 = Release|x64
		{581B03EC-C3DB-43D5-883C-1E1BF509B39E}.Release|x86.ActiveCfg = Release|x64
		{581B03EC-C3DB-43D5-883C-1E1BF509B39E}.Release|x86.Build.0 = Release|x64
		{2A102741-BE8C-42DF-9A50-33161E3DBC39}.Debug|Any CPU.ActiveCfg = Debug|x64
		{2A102741-BE8C-42DF-9A50-33161E3DBC39}.Debug|Any CPU.Build.0 = Debug|x64
		{2A102741-BE8C-42DF-9A50-33161E3DBC39}.Debug|x64.ActiveCfg = Debug|x64
		{2A102741-BE8C-42DF-9A50-33161E3DBC39}.Debug|x64.Build.0 = Debug|x64
		{2A102741-BE8C-42DF-9A50-33161E3DBC39}.Debug|x86.ActiveCfg = Debug|x64
		{2A102741-BE8C-42DF-9A50-33161E3DBC39}.Debug|x86.Build.0 = Debug|x64
		{2A102741-BE8C-42DF-9A50-33161E3DBC39}.Release|Any CPU.ActiveCfg = Release|x64
		{2A102741-BE8C-42DF-9A50-33161E3DBC39}.Release|Any CPU.Build.0 = Release|x64
		{2A102741-BE8C-42DF-9A50-33161E3DBC39}.Release|x64.ActiveCfg = Release|x64
		{2A102741-BE8C-42DF-9A50-33161E3DBC39}.Release|x64.Build.0 = Release|x64
		{2A102741-BE8C-42DF-9A50-33161E3DBC39}.Release|x86.ActiveCfg = Release|x64
		{2A102741-BE8C-42DF-9A50-33161E3DBC39}.Release|x86.Build.0 = Release|x64
		{5AA91D48-217D-4923-967B-C9F9AC4D8CBF}.Debug|Any CPU.ActiveCfg = Debug|x64
		{5AA91D48-217D-4923-967B-C9F9AC4D8CBF}.Debug|Any CPU.Build.0 = Debug|x64
		{5AA91D48-217D-4923-967B-C9F9AC4D8CBF}.Debug|x64.ActiveCfg = Debug|x64
		{5AA91D48-217D-4923-967B-C9F9AC4D8CBF}.Debug|x64.Build.0 = Debug|x64
		{5AA91D48-217D-4923-967B-C9F9AC4D8CBF}.Debug|x86.ActiveCfg = Debug|x64
		{5AA91D48-217D-4923-967B-C9F9AC4D8CBF}.Debug|x86.Build.0 = Debug|x64
		{5AA91D48-217D-4923-967B-C9F9AC4D8CBF}.Release|Any CPU.ActiveCfg = Release|x64
		{5AA91D48-217D-4923-967B-C9F9AC4D8CBF}.Release|Any CPU.Build.0 = Release|x64
		{5AA91D48-217D-4923-967B-C9F9AC4D8CBF}.Release|x64.ActiveCfg = Release|x64
		{5AA91D48-217D-4923-967B-C9F9AC4D8CBF}.Release|x64.Build.0 = Release|x64
		{5AA91D48-217D-4923-967B-C9F9AC4D8CBF}.Release|x86.ActiveCfg = Release|x64
		{5AA91D48-217D-4923-967B-C9F9AC4D8CBF}.Release|x86.Build.0 = Release|x64
		{10F08A74-879F-40CE-B7E6-3A747435E694}.Debug|Any CPU.ActiveCfg = Debug|x64
		{10F08A74-879F-40CE-B7E6-3A747435E694}.Debug|Any CPU.Build.0 = Debug|x64
		{10F08A74-879F-40CE-B7E6-3A747435E694}.Debug|x64.ActiveCfg = Debug|x64
		{10F08A74-879F-40CE-B7E6-3A747435E694}.Debug|x64.Build.0 = Debug|x64
		{10F08A74-879F-40CE-B7E6-3A747435E694}.Debug|x86.ActiveCfg = Debug|x64
		{10F08A74-879F-40CE-B7E6-3A747435E694}.Debug|x86.Build.0 = Debug|x64
		{10F08A74-879F-40CE-B7E6-3A747435E694}.Release|Any CPU.ActiveCfg = Release|x64
		{10F08A74-879F-40CE-B7E6-3A747435E694}.Release|Any CPU.Build.0 = Release|x64
		{10F08A74-879F-40CE-B7E6-3A747435E694}.Release|x64.ActiveCfg = Release|x64
		{10F08A74-879F-40CE-B7E6-3A747435E694}.Release|x64.Build.0 = Release|x64
		{10F08A74-879F-40CE-B7E6-3A747435E694}.Release|x86.ActiveCfg = Release|x64
		{10F08A74-879F-40CE-B7E6-3A747435E694}.Release|x86.Build.0 = Release|x64
		{E984B470-DA55-4657-BDD2-75B025DEED0B}.Debug|Any CPU.ActiveCfg = Debug|x64
		{E984B470-DA55-4657-BDD2-75B025DEED0B}.Debug|Any CPU.Build.0 = Debug|x64
		{E984B470-DA55-4657-BDD2-75B025DEED0B}.Debug|x64.ActiveCfg = Debug|x64
		{E984B470-DA55-4657-BDD2-75B025DEED0B}.Debug|x64.Build.0 = Debug|x64
		{E984B470-DA55-4657-BDD2-75B025DEED0B}.Debug|x86.ActiveCfg = Debug|x64
		{E984B470-DA55-4657-BDD2-75B025DEED0B}.Debug|x86.Build.0 = Debug|x64
		{E984B470-DA55-4657-BDD2-75B025DEED0B}.Release|Any CPU.ActiveCfg = Release|x64
		{E984B470-DA55-4657-BDD2-75B025DEED0B}.Release|Any CPU.Build.0 = Release|x64
		{E984B470-DA55-4657-BDD2-75B025DEED0B}.Release|x64.ActiveCfg = Release|x64
		{E984B470-DA55-4657-BDD2-75B025DEED0B}.Release|x64.Build.0 = Release|x64
		{E984B470-DA55-4657-BDD2-75B025DEED0B}.Release|x86.ActiveCfg = Release|x64
		{E984B470-DA55-4657-BDD2-75B025DEED0B}.Release|x86.Build.0 = Release|x64
		{F74E08B2-4AA1-40AE-A439-0D2E7A7BA94E}.Debug|Any CPU.ActiveCfg = Debug|x64
		{F74E08B2-4AA1-40AE-A439-0D2E7A7BA94E}.Debug|Any CPU.Build.0 = Debug|x64
		{F74E08B2-4AA1-40AE-A439-0D2E7A7BA94E}.Debug|x64.ActiveCfg = Debug|x64
		{F74E08B2-4AA1-40AE-A439-0D2E7A7BA94E}.Debug|x64.Build.0 = Debug|x64
		{F74E08B2-4AA1-40AE-A439-0D2E7A7BA94E}.Debug|x86.ActiveCfg = Debug|x64
		{F74E08B2-4AA1-40AE-A439-0D2E7A7BA94E}.Debug|x86.Build.0 = Debug|x64
		{F74E08B2-4AA1-40AE-A439-0D2E7A7BA94E}.Release|Any CPU.ActiveCfg = Release|x64
		{F74E08B2-4AA1-40AE-A439-0D2E7A7BA94E}.Release|Any CPU.Build.0 = Release|x64
		{F74E08B2-4AA1-40AE-A439-0D2E7A7BA94E}.Release|x64.ActiveCfg = Release|x64
		{F74E08B2-4AA1-40AE-A439-0D2E7A7BA94E}.Release|x64.Build.0 = Release|x64
		{F74E08B2-4AA1-40AE-A439-0D2E7A7BA94E}.Release|x86.ActiveCfg = Release|x64
		{F74E08B2-4AA1-40AE-A439-0D2E7A7BA94E}.Release|x86.Build.0 = Release|x64
		{CBF8E7AB-F2D0-41C6-BDAF-C3003B650135}.Debug|Any CPU.ActiveCfg = Debug|x64
		{CBF8E7AB-F2D0-41C6-BDAF-C3003B650135}.Debug|Any CPU.Build.0 = Debug|x64
		{CBF8E7AB-F2D0-41C6-BDAF-C3003B650135}.Debug|x64.ActiveCfg = Debug|x64
		{CBF8E7AB-F2D0-41C6-BDAF-C3003B650135}.Debug|x64.Build.0 = Debug|x64
		{CBF8E7AB-F2D0-41C6-BDAF-C3003B650135}.Debug|x86.ActiveCfg = Debug|x64
		{CBF8E7AB-F2D0-41C6-BDAF-C3003B650135}.Debug|x86.Build.0 = Debug|x64
		{CBF8E7AB-F2D0-41C6-BDAF-C3003B650135}.Release|Any CPU.ActiveCfg = Release|x64
		{CBF8E7AB-F2D0-41C6-BDAF-C3003B650135}.Release|Any CPU.Build.0 = Release|x64
		{CBF8E7AB-F2D0-41C6-BDAF-C3003B650135}.Release|x64.ActiveCfg = Release|x64
		{CBF8E7AB-F2D0-41C6-BDAF-C3003B650135}.Release|x64.Build.0 = Release|x64
		{CBF8E7AB-F2D0-41C6-BDAF-C3003B650135}.Release|x86.ActiveCfg = Release|x64
		{CBF8E7AB-F2D0-41C6-BDAF-C3003B650135}.Release|x86.Build.0 = Release|x64
		{E24DADE8-FF39-44CB-B371-3BD4DCA4A872}.Debug|Any CPU.ActiveCfg = Debug|x64
		{E24DADE8-FF39-44CB-B371-3BD4DCA4A872}.Debug|Any CPU.Build.0 = Debug|x64
		{E24DADE8-FF39-44CB-B371-3BD4DCA4A872}.Debug|x64.ActiveCfg = Debug|x64
		{E24DADE8-FF39-44CB-B371-3BD4DCA4A872}.Debug|x64.Build.0 = Debug|x64
		{E24DADE8-FF39-44CB-B371-3BD4DCA4A872}.Debug|x86.ActiveCfg = Debug|x64
		{E24DADE8-FF39-44CB-B371-3BD4DCA4A872}.Debug|x86.Build.0 = Debug|x64
		{E24DADE8-FF39-44CB-B371-3BD4DCA4A872}.Release|Any CPU.ActiveCfg = Release|x64
		{E24DADE8-FF39-44CB-B371-3BD4DCA4A872}.Release|Any CPU.Build.0 = Release|x64
		{E24DADE8-FF39-44CB-B371-3BD4DCA4A872}.Release|x64.ActiveCfg = Release|x64
		{E24DADE8-FF39-44CB-B371-3BD4DCA4A872}.Release|x64.Build.0 = Release|x64
		{E24DADE8-FF39-44CB-B371-3BD4DCA4A872}.Release|x86.ActiveCfg = Release|x64
		{E24DADE8-FF39-44CB-B371-3BD4DCA4A872}.Release|x86.Build.0 = Release|x64
	EndGlobalSection
	GlobalSection(SolutionProperties) = preSolution
		HideSolutionNode = FALSE
	EndGlobalSection
	GlobalSection(NestedProjects) = preSolution
		{581B03EC-C3DB-43D5-883C-1E1BF509B39E} = {827E0CD3-B72D-47B6-A68D-7590B98EB39B}
		{2A102741-BE8C-42DF-9A50-33161E3DBC39} = {827E0CD3-B72D-47B6-A68D-7590B98EB39B}
		{5AA91D48-217D-4923-967B-C9F9AC4D8CBF} = {827E0CD3-B72D-47B6-A68D-7590B98EB39B}
		{10F08A74-879F-40CE-B7E6-3A747435E694} = {827E0CD3-B72D-47B6-A68D-7590B98EB39B}
		{E984B470-DA55-4657-BDD2-75B025DEED0B} = {827E0CD3-B72D-47B6-A68D-7590B98EB39B}
		{F74E08B2-4AA1-40AE-A439-0D2E7A7BA94E} = {827E0CD3-B72D-47B6-A68D-7590B98EB39B}
		{CBF8E7AB-F2D0-41C6-BDAF-C3003B650135} = {827E0CD3-B72D-47B6-A68D-7590B98EB39B}
		{E24DADE8-FF39-44CB-B371-3BD4DCA4A872} = {0AB3BF05-4346-4AA6-1389-037BE0695223}
	EndGlobalSection
EndGlobal
